# This is a Gradle generated file for dependency locking.
# Manual edits can break the build and are not advised.
# This file is expected to be part of source control.
empty=androidApis,androidJdkImage,androidTestUtil,coreLibraryDesugaring,debugAndroidTestAnnotationProcessorClasspath,debugAndroidTestCompileClasspath,debugAndroidTestRuntimeClasspath,debugAnnotationProcessorClasspath,debugCompileClasspath,debugReverseMetadataValues,debugRuntimeClasspath,debugUnitTestAnnotationProcessorClasspath,debugUnitTestCompileClasspath,debugUnitTestRuntimeClasspath,debugWearBundling,lintChecks,lintPublish,releaseAnnotationProcessorClasspath,releaseCompileClasspath,releaseReverseMetadataValues,releaseRuntimeClasspath,releaseUnitTestAnnotationProcessorClasspath,releaseUnitTestCompileClasspath,releaseWearBundling
